
Microsoft Visual Studio Solution File, Format Version 12.00
# Visual Studio Version 16
VisualStudioVersion = 16.0.31229.75
MinimumVisualStudioVersion = 10.0.40219.1
Project("{FAE04EC0-301F-11D3-BF4B-00C04F79EFBC}") = "TIP_var12", "TIP_var12\TIP_var12.csproj", "{85B87459-C61F-404E-95DA-CCEDF6F177AD}"
EndProject
Project("{FAE04EC0-301F-11D3-BF4B-00C04F79EFBC}") = "TIP_var12Database", "TIP_var12Database\TIP_var12Database.csproj", "{63225330-101B-42B1-A22B-ADF8367D9B0C}"
EndProject
Project("{FAE04EC0-301F-11D3-BF4B-00C04F79EFBC}") = "TIP_var12BusinessLogic", "TIP_var12BusinessLogic\TIP_var12BusinessLogic.csproj", "{4F0686A1-AAB1-46A9-920C-CE4F49211570}"
EndProject
Global
	GlobalSection(SolutionConfigurationPlatforms) = preSolution
		Debug|Any CPU = Debug|Any CPU
		Release|Any CPU = Release|Any CPU
	EndGlobalSection
	GlobalSection(ProjectConfigurationPlatforms) = postSolution
		{85B87459-C61F-404E-95DA-CCEDF6F177AD}.Debug|Any CPU.ActiveCfg = Debug|Any CPU
		{85B87459-C61F-404E-95DA-CCEDF6F177AD}.Debug|Any CPU.Build.0 = Debug|Any CPU
		{85B87459-C61F-404E-95DA-CCEDF6F177AD}.Release|Any CPU.ActiveCfg = Release|Any CPU
		{85B87459-C61F-404E-95DA-CCEDF6F177AD}.Release|Any CPU.Build.0 = Release|Any CPU
		{63225330-101B-42B1-A22B-ADF8367D9B0C}.Debug|Any CPU.ActiveCfg = Debug|Any CPU
		{63225330-101B-42B1-A22B-ADF8367D9B0C}.Debug|Any CPU.Build.0 = Debug|Any CPU
		{63225330-101B-42B1-A22B-ADF8367D9B0C}.Release|Any CPU.ActiveCfg = Release|Any CPU
		{63225330-101B-42B1-A22B-ADF8367D9B0C}.Release|Any CPU.Build.0 = Release|Any CPU
		{4F0686A1-AAB1-46A9-920C-CE4F49211570}.Debug|Any CPU.ActiveCfg = Debug|Any CPU
		{4F0686A1-AAB1-46A9-920C-CE4F49211570}.Debug|Any CPU.Build.0 = Debug|Any CPU
		{4F0686A1-AAB1-46A9-920C-CE4F49211570}.Release|Any CPU.ActiveCfg = Release|Any CPU
		{4F0686A1-AAB1-46A9-920C-CE4F49211570}.Release|Any CPU.Build.0 = Release|Any CPU
	EndGlobalSection
	GlobalSection(SolutionProperties) = preSolution
		HideSolutionNode = FALSE
	EndGlobalSection
	GlobalSection(ExtensibilityGlobals) = postSolution
		SolutionGuid = {6DF2D31B-A359-4D8D-A4F5-5A71FE915141}
	EndGlobalSection
EndGlobal
